// !$*UTF8*$!
{
	archiveVersion = 1;
	classes = {
	};
	objectVersion = 48;
	objects = {

/* Begin PBXBuildFile section */
		0C9FA5D425F9D0222CE17FA9 /* Pods_SwiftArchitectureTests.framework in Frameworks */ = {isa = PBXBuildFile; fileRef = 82EC8CAC58BAF72285777760 /* Pods_SwiftArchitectureTests.framework */; };
		6E9A648845B6BB6F7CC17B2C /* Pods_SwiftArchitecture.framework in Frameworks */ = {isa = PBXBuildFile; fileRef = 335D32A0B6D0CCF1453673F8 /* Pods_SwiftArchitecture.framework */; };
		796006C22045211500E05B5E /* AppDelegate.swift in Sources */ = {isa = PBXBuildFile; fileRef = 796006C12045211500E05B5E /* AppDelegate.swift */; };
		796006C42045211500E05B5E /* MainViewController.swift in Sources */ = {isa = PBXBuildFile; fileRef = 796006C32045211500E05B5E /* MainViewController.swift */; };
		796006C72045211500E05B5E /* Main.storyboard in Resources */ = {isa = PBXBuildFile; fileRef = 796006C52045211500E05B5E /* Main.storyboard */; };
		796006C92045211500E05B5E /* Assets.xcassets in Resources */ = {isa = PBXBuildFile; fileRef = 796006C82045211500E05B5E /* Assets.xcassets */; };
		796006CC2045211500E05B5E /* LaunchScreen.storyboard in Resources */ = {isa = PBXBuildFile; fileRef = 796006CA2045211500E05B5E /* LaunchScreen.storyboard */; };
		796006D72045211600E05B5E /* SwiftArchitectureTests.swift in Sources */ = {isa = PBXBuildFile; fileRef = 796006D62045211600E05B5E /* SwiftArchitectureTests.swift */; };
		79BC99762045369200BD01E0 /* Constants.swift in Sources */ = {isa = PBXBuildFile; fileRef = 79BC99752045369200BD01E0 /* Constants.swift */; };
		79BC998920466F4400BD01E0 /* Defaults.swift in Sources */ = {isa = PBXBuildFile; fileRef = 79BC998820466F4400BD01E0 /* Defaults.swift */; };
/* End PBXBuildFile section */

/* Begin PBXContainerItemProxy section */
		796006D32045211600E05B5E /* PBXContainerItemProxy */ = {
			isa = PBXContainerItemProxy;
			containerPortal = 796006B62045211500E05B5E /* Project object */;
			proxyType = 1;
			remoteGlobalIDString = 796006BD2045211500E05B5E;
			remoteInfo = SwiftArchitecture;
		};
/* End PBXContainerItemProxy section */

/* Begin PBXFileReference section */
		335D32A0B6D0CCF1453673F8 /* Pods_SwiftArchitecture.framework */ = {isa = PBXFileReference; explicitFileType = wrapper.framework; includeInIndex = 0; path = Pods_SwiftArchitecture.framework; sourceTree = BUILT_PRODUCTS_DIR; };
		543C2F961492C96807ECFA10 /* Pods_SwiftArchitectureUITests.framework */ = {isa = PBXFileReference; explicitFileType = wrapper.framework; includeInIndex = 0; path = Pods_SwiftArchitectureUITests.framework; sourceTree = BUILT_PRODUCTS_DIR; };
		6CE986568361AB75FF1F5E6E /* Pods-SwiftArchitectureTests.release(production).xcconfig */ = {isa = PBXFileReference; includeInIndex = 1; lastKnownFileType = text.xcconfig; name = "Pods-SwiftArchitectureTests.release(production).xcconfig"; path = "Pods/Target Support Files/Pods-SwiftArchitectureTests/Pods-SwiftArchitectureTests.release(production).xcconfig"; sourceTree = "<group>"; };
		733614FC86B2E2D781136D12 /* Pods-SwiftArchitecture.release(production).xcconfig */ = {isa = PBXFileReference; includeInIndex = 1; lastKnownFileType = text.xcconfig; name = "Pods-SwiftArchitecture.release(production).xcconfig"; path = "Pods/Target Support Files/Pods-SwiftArchitecture/Pods-SwiftArchitecture.release(production).xcconfig"; sourceTree = "<group>"; };
		73726AFAD96C41A7BEF7E8AC /* Pods-SwiftArchitectureTests.debug(testing).xcconfig */ = {isa = PBXFileReference; includeInIndex = 1; lastKnownFileType = text.xcconfig; name = "Pods-SwiftArchitectureTests.debug(testing).xcconfig"; path = "Pods/Target Support Files/Pods-SwiftArchitectureTests/Pods-SwiftArchitectureTests.debug(testing).xcconfig"; sourceTree = "<group>"; };
		742143FE9AEF57F71A8B08C9 /* Pods-SwiftArchitecture.debug(testing).xcconfig */ = {isa = PBXFileReference; includeInIndex = 1; lastKnownFileType = text.xcconfig; name = "Pods-SwiftArchitecture.debug(testing).xcconfig"; path = "Pods/Target Support Files/Pods-SwiftArchitecture/Pods-SwiftArchitecture.debug(testing).xcconfig"; sourceTree = "<group>"; };
		745EE181055512FEB62E329E /* Pods-SwiftArchitectureTests.debug(development).xcconfig */ = {isa = PBXFileReference; includeInIndex = 1; lastKnownFileType = text.xcconfig; name = "Pods-SwiftArchitectureTests.debug(development).xcconfig"; path = "Pods/Target Support Files/Pods-SwiftArchitectureTests/Pods-SwiftArchitectureTests.debug(development).xcconfig"; sourceTree = "<group>"; };
		796006BE2045211500E05B5E /* SwiftArchitecture.app */ = {isa = PBXFileReference; explicitFileType = wrapper.application; includeInIndex = 0; path = SwiftArchitecture.app; sourceTree = BUILT_PRODUCTS_DIR; };
		796006C12045211500E05B5E /* AppDelegate.swift */ = {isa = PBXFileReference; lastKnownFileType = sourcecode.swift; path = AppDelegate.swift; sourceTree = "<group>"; };
		796006C32045211500E05B5E /* MainViewController.swift */ = {isa = PBXFileReference; lastKnownFileType = sourcecode.swift; path = MainViewController.swift; sourceTree = "<group>"; };
		796006C62045211500E05B5E /* Base */ = {isa = PBXFileReference; lastKnownFileType = file.storyboard; name = Base; path = Base.lproj/Main.storyboard; sourceTree = "<group>"; };
		796006C82045211500E05B5E /* Assets.xcassets */ = {isa = PBXFileReference; lastKnownFileType = folder.assetcatalog; path = Assets.xcassets; sourceTree = "<group>"; };
		796006CB2045211500E05B5E /* Base */ = {isa = PBXFileReference; lastKnownFileType = file.storyboard; name = Base; path = Base.lproj/LaunchScreen.storyboard; sourceTree = "<group>"; };
		796006CD2045211500E05B5E /* Info.plist */ = {isa = PBXFileReference; lastKnownFileType = text.plist.xml; path = Info.plist; sourceTree = "<group>"; };
		796006D22045211600E05B5E /* SwiftArchitectureTests.xctest */ = {isa = PBXFileReference; explicitFileType = wrapper.cfbundle; includeInIndex = 0; path = SwiftArchitectureTests.xctest; sourceTree = BUILT_PRODUCTS_DIR; };
		796006D62045211600E05B5E /* SwiftArchitectureTests.swift */ = {isa = PBXFileReference; lastKnownFileType = sourcecode.swift; path = SwiftArchitectureTests.swift; sourceTree = "<group>"; };
		796006D82045211600E05B5E /* Info.plist */ = {isa = PBXFileReference; lastKnownFileType = text.plist.xml; path = Info.plist; sourceTree = "<group>"; };
		796006E12045211600E05B5E /* SwiftArchitectureUITests.swift */ = {isa = PBXFileReference; lastKnownFileType = sourcecode.swift; path = SwiftArchitectureUITests.swift; sourceTree = "<group>"; };
		796006E32045211600E05B5E /* Info.plist */ = {isa = PBXFileReference; lastKnownFileType = text.plist.xml; path = Info.plist; sourceTree = "<group>"; };
		79BC99752045369200BD01E0 /* Constants.swift */ = {isa = PBXFileReference; lastKnownFileType = sourcecode.swift; path = Constants.swift; sourceTree = "<group>"; };
		79BC99782045418800BD01E0 /* SwiftArchitecture-Bridging-Header.h */ = {isa = PBXFileReference; lastKnownFileType = sourcecode.c.h; path = "SwiftArchitecture-Bridging-Header.h"; sourceTree = "<group>"; };
		79BC997A2045565900BD01E0 /* Common.xcconfig */ = {isa = PBXFileReference; lastKnownFileType = text.xcconfig; path = Common.xcconfig; sourceTree = "<group>"; };
		79BC997B204556C500BD01E0 /* Development.xcconfig */ = {isa = PBXFileReference; lastKnownFileType = text.xcconfig; path = Development.xcconfig; sourceTree = "<group>"; };
		79BC997C204557B600BD01E0 /* ContinuousIntegration.xcconfig */ = {isa = PBXFileReference; lastKnownFileType = text.xcconfig; path = ContinuousIntegration.xcconfig; sourceTree = "<group>"; };
		79BC997D204557EB00BD01E0 /* Testing.xcconfig */ = {isa = PBXFileReference; lastKnownFileType = text.xcconfig; path = Testing.xcconfig; sourceTree = "<group>"; };
		79BC997E2045580700BD01E0 /* Staging.xcconfig */ = {isa = PBXFileReference; lastKnownFileType = text.xcconfig; path = Staging.xcconfig; sourceTree = "<group>"; };
		79BC997F2045583400BD01E0 /* Production.xcconfig */ = {isa = PBXFileReference; lastKnownFileType = text.xcconfig; path = Production.xcconfig; sourceTree = "<group>"; };
		79BC998820466F4400BD01E0 /* Defaults.swift */ = {isa = PBXFileReference; lastKnownFileType = sourcecode.swift; path = Defaults.swift; sourceTree = "<group>"; };
		82EC8CAC58BAF72285777760 /* Pods_SwiftArchitectureTests.framework */ = {isa = PBXFileReference; explicitFileType = wrapper.framework; includeInIndex = 0; path = Pods_SwiftArchitectureTests.framework; sourceTree = BUILT_PRODUCTS_DIR; };
		8BED0FC00C92199149080CFC /* Pods-SwiftArchitectureTests.release(staging).xcconfig */ = {isa = PBXFileReference; includeInIndex = 1; lastKnownFileType = text.xcconfig; name = "Pods-SwiftArchitectureTests.release(staging).xcconfig"; path = "Pods/Target Support Files/Pods-SwiftArchitectureTests/Pods-SwiftArchitectureTests.release(staging).xcconfig"; sourceTree = "<group>"; };
		98CA74433D53AD3A5EC7C13F /* Pods-SwiftArchitecture.debug(development).xcconfig */ = {isa = PBXFileReference; includeInIndex = 1; lastKnownFileType = text.xcconfig; name = "Pods-SwiftArchitecture.debug(development).xcconfig"; path = "Pods/Target Support Files/Pods-SwiftArchitecture/Pods-SwiftArchitecture.debug(development).xcconfig"; sourceTree = "<group>"; };
		9D5E74A88EEA2CDACB3C261C /* Pods-SwiftArchitectureTests.debug(continuous integration).xcconfig */ = {isa = PBXFileReference; includeInIndex = 1; lastKnownFileType = text.xcconfig; name = "Pods-SwiftArchitectureTests.debug(continuous integration).xcconfig"; path = "Pods/Target Support Files/Pods-SwiftArchitectureTests/Pods-SwiftArchitectureTests.debug(continuous integration).xcconfig"; sourceTree = "<group>"; };
		A96CCE228D1E0712513F1465 /* Pods-SwiftArchitecture.debug(continuous integration).xcconfig */ = {isa = PBXFileReference; includeInIndex = 1; lastKnownFileType = text.xcconfig; name = "Pods-SwiftArchitecture.debug(continuous integration).xcconfig"; path = "Pods/Target Support Files/Pods-SwiftArchitecture/Pods-SwiftArchitecture.debug(continuous integration).xcconfig"; sourceTree = "<group>"; };
		C84357B3D50D36AD2C4D0A3C /* Pods-SwiftArchitecture.release(staging).xcconfig */ = {isa = PBXFileReference; includeInIndex = 1; lastKnownFileType = text.xcconfig; name = "Pods-SwiftArchitecture.release(staging).xcconfig"; path = "Pods/Target Support Files/Pods-SwiftArchitecture/Pods-SwiftArchitecture.release(staging).xcconfig"; sourceTree = "<group>"; };
/* End PBXFileReference section */

/* Begin PBXFrameworksBuildPhase section */
		796006BB2045211500E05B5E /* Frameworks */ = {
			isa = PBXFrameworksBuildPhase;
			buildActionMask = 2147483647;
			files = (
				6E9A648845B6BB6F7CC17B2C /* Pods_SwiftArchitecture.framework in Frameworks */,
			);
			runOnlyForDeploymentPostprocessing = 0;
		};
		796006CF2045211600E05B5E /* Frameworks */ = {
			isa = PBXFrameworksBuildPhase;
			buildActionMask = 2147483647;
			files = (
				0C9FA5D425F9D0222CE17FA9 /* Pods_SwiftArchitectureTests.framework in Frameworks */,
			);
			runOnlyForDeploymentPostprocessing = 0;
		};
/* End PBXFrameworksBuildPhase section */

/* Begin PBXGroup section */
		1090DC0AC0FF509018AF5778 /* Pods */ = {
			isa = PBXGroup;
			children = (
				98CA74433D53AD3A5EC7C13F /* Pods-SwiftArchitecture.debug(development).xcconfig */,
				A96CCE228D1E0712513F1465 /* Pods-SwiftArchitecture.debug(continuous integration).xcconfig */,
				742143FE9AEF57F71A8B08C9 /* Pods-SwiftArchitecture.debug(testing).xcconfig */,
				C84357B3D50D36AD2C4D0A3C /* Pods-SwiftArchitecture.release(staging).xcconfig */,
				733614FC86B2E2D781136D12 /* Pods-SwiftArchitecture.release(production).xcconfig */,
				745EE181055512FEB62E329E /* Pods-SwiftArchitectureTests.debug(development).xcconfig */,
				9D5E74A88EEA2CDACB3C261C /* Pods-SwiftArchitectureTests.debug(continuous integration).xcconfig */,
				73726AFAD96C41A7BEF7E8AC /* Pods-SwiftArchitectureTests.debug(testing).xcconfig */,
				8BED0FC00C92199149080CFC /* Pods-SwiftArchitectureTests.release(staging).xcconfig */,
				6CE986568361AB75FF1F5E6E /* Pods-SwiftArchitectureTests.release(production).xcconfig */,
			);
			name = Pods;
			sourceTree = "<group>";
		};
		796006B52045211500E05B5E = {
			isa = PBXGroup;
			children = (
				79BC99792045557C00BD01E0 /* Configurations */,
				796006C02045211500E05B5E /* SwiftArchitecture */,
				796006D52045211600E05B5E /* SwiftArchitectureTests */,
				796006E02045211600E05B5E /* SwiftArchitectureUITests */,
				796006BF2045211500E05B5E /* Products */,
				1090DC0AC0FF509018AF5778 /* Pods */,
				F6EBA59982C789456260422C /* Frameworks */,
			);
			sourceTree = "<group>";
		};
		796006BF2045211500E05B5E /* Products */ = {
			isa = PBXGroup;
			children = (
				796006BE2045211500E05B5E /* SwiftArchitecture.app */,
				796006D22045211600E05B5E /* SwiftArchitectureTests.xctest */,
			);
			name = Products;
			sourceTree = "<group>";
		};
		796006C02045211500E05B5E /* SwiftArchitecture */ = {
			isa = PBXGroup;
			children = (
				79BC9985204657B800BD01E0 /* Resources */,
				79BC996F204531CA00BD01E0 /* Common */,
				79BC996E204531C300BD01E0 /* Models */,
				79BC996D204531BB00BD01E0 /* Services */,
				79BC996C2045318C00BD01E0 /* Scenes */,
				79BC996B2045318300BD01E0 /* Utils */,
				796006C12045211500E05B5E /* AppDelegate.swift */,
			);
			path = SwiftArchitecture;
			sourceTree = "<group>";
		};
		796006D52045211600E05B5E /* SwiftArchitectureTests */ = {
			isa = PBXGroup;
			children = (
				796006D62045211600E05B5E /* SwiftArchitectureTests.swift */,
				796006D82045211600E05B5E /* Info.plist */,
			);
			path = SwiftArchitectureTests;
			sourceTree = "<group>";
		};
		796006E02045211600E05B5E /* SwiftArchitectureUITests */ = {
			isa = PBXGroup;
			children = (
				796006E12045211600E05B5E /* SwiftArchitectureUITests.swift */,
				796006E32045211600E05B5E /* Info.plist */,
			);
			path = SwiftArchitectureUITests;
			sourceTree = "<group>";
		};
		79BC996B2045318300BD01E0 /* Utils */ = {
			isa = PBXGroup;
			children = (
				79BC998820466F4400BD01E0 /* Defaults.swift */,
			);
			path = Utils;
			sourceTree = "<group>";
		};
		79BC996C2045318C00BD01E0 /* Scenes */ = {
			isa = PBXGroup;
			children = (
				79BC9970204531D800BD01E0 /* Main */,
			);
			path = Scenes;
			sourceTree = "<group>";
		};
		79BC996D204531BB00BD01E0 /* Services */ = {
			isa = PBXGroup;
			children = (
			);
			path = Services;
			sourceTree = "<group>";
		};
		79BC996E204531C300BD01E0 /* Models */ = {
			isa = PBXGroup;
			children = (
			);
			path = Models;
			sourceTree = "<group>";
		};
		79BC996F204531CA00BD01E0 /* Common */ = {
			isa = PBXGroup;
			children = (
				79BC99752045369200BD01E0 /* Constants.swift */,
			);
			path = Common;
			sourceTree = "<group>";
		};
		79BC9970204531D800BD01E0 /* Main */ = {
			isa = PBXGroup;
			children = (
				796006C32045211500E05B5E /* MainViewController.swift */,
			);
			path = Main;
			sourceTree = "<group>";
		};
		79BC99792045557C00BD01E0 /* Configurations */ = {
			isa = PBXGroup;
			children = (
				79BC997A2045565900BD01E0 /* Common.xcconfig */,
				79BC997B204556C500BD01E0 /* Development.xcconfig */,
				79BC997C204557B600BD01E0 /* ContinuousIntegration.xcconfig */,
				79BC997D204557EB00BD01E0 /* Testing.xcconfig */,
				79BC997E2045580700BD01E0 /* Staging.xcconfig */,
				79BC997F2045583400BD01E0 /* Production.xcconfig */,
			);
			path = Configurations;
			sourceTree = "<group>";
		};
		79BC9985204657B800BD01E0 /* Resources */ = {
			isa = PBXGroup;
			children = (
				796006C52045211500E05B5E /* Main.storyboard */,
				796006C82045211500E05B5E /* Assets.xcassets */,
				796006CA2045211500E05B5E /* LaunchScreen.storyboard */,
				796006CD2045211500E05B5E /* Info.plist */,
				79BC99782045418800BD01E0 /* SwiftArchitecture-Bridging-Header.h */,
			);
			path = Resources;
			sourceTree = "<group>";
		};
		F6EBA59982C789456260422C /* Frameworks */ = {
			isa = PBXGroup;
			children = (
				335D32A0B6D0CCF1453673F8 /* Pods_SwiftArchitecture.framework */,
				82EC8CAC58BAF72285777760 /* Pods_SwiftArchitectureTests.framework */,
				543C2F961492C96807ECFA10 /* Pods_SwiftArchitectureUITests.framework */,
			);
			name = Frameworks;
			sourceTree = "<group>";
		};
/* End PBXGroup section */

/* Begin PBXNativeTarget section */
		796006BD2045211500E05B5E /* SwiftArchitecture */ = {
			isa = PBXNativeTarget;
			buildConfigurationList = 796006E62045211600E05B5E /* Build configuration list for PBXNativeTarget "SwiftArchitecture" */;
			buildPhases = (
				12A6E5B62297BD63D28308C7 /* [CP] Check Pods Manifest.lock */,
				79BC997720453A5800BD01E0 /* Run SwiftLint */,
				796006BA2045211500E05B5E /* Sources */,
				796006BB2045211500E05B5E /* Frameworks */,
				796006BC2045211500E05B5E /* Resources */,
				67674237F84C39F438E6021D /* [CP] Embed Pods Frameworks */,
				0F767512D994C22CF36E8CF2 /* [CP] Copy Pods Resources */,
			);
			buildRules = (
			);
			dependencies = (
			);
			name = SwiftArchitecture;
			productName = SwiftArchitecture;
			productReference = 796006BE2045211500E05B5E /* SwiftArchitecture.app */;
			productType = "com.apple.product-type.application";
		};
		796006D12045211600E05B5E /* SwiftArchitectureTests */ = {
			isa = PBXNativeTarget;
			buildConfigurationList = 796006E92045211600E05B5E /* Build configuration list for PBXNativeTarget "SwiftArchitectureTests" */;
			buildPhases = (
				329B9673CE1E26836F868951 /* [CP] Check Pods Manifest.lock */,
				796006CE2045211600E05B5E /* Sources */,
				796006CF2045211600E05B5E /* Frameworks */,
				796006D02045211600E05B5E /* Resources */,
				78018CEB8E1FE3E8FC265686 /* [CP] Embed Pods Frameworks */,
				01C362E3EA2EB0A115C3EDA9 /* [CP] Copy Pods Resources */,
			);
			buildRules = (
			);
			dependencies = (
				796006D42045211600E05B5E /* PBXTargetDependency */,
			);
			name = SwiftArchitectureTests;
			productName = SwiftArchitectureTests;
			productReference = 796006D22045211600E05B5E /* SwiftArchitectureTests.xctest */;
			productType = "com.apple.product-type.bundle.unit-test";
		};
/* End PBXNativeTarget section */

/* Begin PBXProject section */
		796006B62045211500E05B5E /* Project object */ = {
			isa = PBXProject;
			attributes = {
				LastSwiftUpdateCheck = 0920;
				LastUpgradeCheck = 0920;
				ORGANIZATIONNAME = yaohaitao;
				TargetAttributes = {
					796006BD2045211500E05B5E = {
						CreatedOnToolsVersion = 9.2;
						ProvisioningStyle = Automatic;
					};
					796006D12045211600E05B5E = {
						CreatedOnToolsVersion = 9.2;
						ProvisioningStyle = Automatic;
						TestTargetID = 796006BD2045211500E05B5E;
					};
				};
			};
			buildConfigurationList = 796006B92045211500E05B5E /* Build configuration list for PBXProject "SwiftArchitecture" */;
			compatibilityVersion = "Xcode 8.0";
			developmentRegion = en;
			hasScannedForEncodings = 0;
			knownRegions = (
				en,
				Base,
			);
			mainGroup = 796006B52045211500E05B5E;
			productRefGroup = 796006BF2045211500E05B5E /* Products */;
			projectDirPath = "";
			projectRoot = "";
			targets = (
				796006BD2045211500E05B5E /* SwiftArchitecture */,
				796006D12045211600E05B5E /* SwiftArchitectureTests */,
			);
		};
/* End PBXProject section */

/* Begin PBXResourcesBuildPhase section */
		796006BC2045211500E05B5E /* Resources */ = {
			isa = PBXResourcesBuildPhase;
			buildActionMask = 2147483647;
			files = (
				796006CC2045211500E05B5E /* LaunchScreen.storyboard in Resources */,
				796006C92045211500E05B5E /* Assets.xcassets in Resources */,
				796006C72045211500E05B5E /* Main.storyboard in Resources */,
			);
			runOnlyForDeploymentPostprocessing = 0;
		};
		796006D02045211600E05B5E /* Resources */ = {
			isa = PBXResourcesBuildPhase;
			buildActionMask = 2147483647;
			files = (
			);
			runOnlyForDeploymentPostprocessing = 0;
		};
/* End PBXResourcesBuildPhase section */

/* Begin PBXShellScriptBuildPhase section */
		01C362E3EA2EB0A115C3EDA9 /* [CP] Copy Pods Resources */ = {
			isa = PBXShellScriptBuildPhase;
			buildActionMask = 2147483647;
			files = (
			);
			inputPaths = (
			);
			name = "[CP] Copy Pods Resources";
			outputPaths = (
			);
			runOnlyForDeploymentPostprocessing = 0;
			shellPath = /bin/sh;
			shellScript = "\"${SRCROOT}/Pods/Target Support Files/Pods-SwiftArchitectureTests/Pods-SwiftArchitectureTests-resources.sh\"\n";
			showEnvVarsInLog = 0;
		};
		0F767512D994C22CF36E8CF2 /* [CP] Copy Pods Resources */ = {
			isa = PBXShellScriptBuildPhase;
			buildActionMask = 2147483647;
			files = (
			);
			inputPaths = (
			);
			name = "[CP] Copy Pods Resources";
			outputPaths = (
			);
			runOnlyForDeploymentPostprocessing = 0;
			shellPath = /bin/sh;
			shellScript = "\"${SRCROOT}/Pods/Target Support Files/Pods-SwiftArchitecture/Pods-SwiftArchitecture-resources.sh\"\n";
			showEnvVarsInLog = 0;
		};
		12A6E5B62297BD63D28308C7 /* [CP] Check Pods Manifest.lock */ = {
			isa = PBXShellScriptBuildPhase;
			buildActionMask = 2147483647;
			files = (
			);
			inputPaths = (
				"${PODS_PODFILE_DIR_PATH}/Podfile.lock",
				"${PODS_ROOT}/Manifest.lock",
			);
			name = "[CP] Check Pods Manifest.lock";
			outputPaths = (
				"$(DERIVED_FILE_DIR)/Pods-SwiftArchitecture-checkManifestLockResult.txt",
			);
			runOnlyForDeploymentPostprocessing = 0;
			shellPath = /bin/sh;
			shellScript = "diff \"${PODS_PODFILE_DIR_PATH}/Podfile.lock\" \"${PODS_ROOT}/Manifest.lock\" > /dev/null\nif [ $? != 0 ] ; then\n    # print error to STDERR\n    echo \"error: The sandbox is not in sync with the Podfile.lock. Run 'pod install' or update your CocoaPods installation.\" >&2\n    exit 1\nfi\n# This output is used by Xcode 'outputs' to avoid re-running this script phase.\necho \"SUCCESS\" > \"${SCRIPT_OUTPUT_FILE_0}\"\n";
			showEnvVarsInLog = 0;
		};
		329B9673CE1E26836F868951 /* [CP] Check Pods Manifest.lock */ = {
			isa = PBXShellScriptBuildPhase;
			buildActionMask = 2147483647;
			files = (
			);
			inputPaths = (
				"${PODS_PODFILE_DIR_PATH}/Podfile.lock",
				"${PODS_ROOT}/Manifest.lock",
			);
			name = "[CP] Check Pods Manifest.lock";
			outputPaths = (
				"$(DERIVED_FILE_DIR)/Pods-SwiftArchitectureTests-checkManifestLockResult.txt",
			);
			runOnlyForDeploymentPostprocessing = 0;
			shellPath = /bin/sh;
			shellScript = "diff \"${PODS_PODFILE_DIR_PATH}/Podfile.lock\" \"${PODS_ROOT}/Manifest.lock\" > /dev/null\nif [ $? != 0 ] ; then\n    # print error to STDERR\n    echo \"error: The sandbox is not in sync with the Podfile.lock. Run 'pod install' or update your CocoaPods installation.\" >&2\n    exit 1\nfi\n# This output is used by Xcode 'outputs' to avoid re-running this script phase.\necho \"SUCCESS\" > \"${SCRIPT_OUTPUT_FILE_0}\"\n";
			showEnvVarsInLog = 0;
		};
		67674237F84C39F438E6021D /* [CP] Embed Pods Frameworks */ = {
			isa = PBXShellScriptBuildPhase;
			buildActionMask = 2147483647;
			files = (
			);
			inputPaths = (
			);
			name = "[CP] Embed Pods Frameworks";
			outputPaths = (
			);
			runOnlyForDeploymentPostprocessing = 0;
			shellPath = /bin/sh;
			shellScript = "\"${SRCROOT}/Pods/Target Support Files/Pods-SwiftArchitecture/Pods-SwiftArchitecture-frameworks.sh\"\n";
			showEnvVarsInLog = 0;
		};
		78018CEB8E1FE3E8FC265686 /* [CP] Embed Pods Frameworks */ = {
			isa = PBXShellScriptBuildPhase;
			buildActionMask = 2147483647;
			files = (
			);
			inputPaths = (
			);
			name = "[CP] Embed Pods Frameworks";
			outputPaths = (
			);
			runOnlyForDeploymentPostprocessing = 0;
			shellPath = /bin/sh;
			shellScript = "\"${SRCROOT}/Pods/Target Support Files/Pods-SwiftArchitectureTests/Pods-SwiftArchitectureTests-frameworks.sh\"\n";
			showEnvVarsInLog = 0;
		};
		79BC997720453A5800BD01E0 /* Run SwiftLint */ = {
			isa = PBXShellScriptBuildPhase;
			buildActionMask = 2147483647;
			files = (
			);
			inputPaths = (
			);
			name = "Run SwiftLint";
			outputPaths = (
			);
			runOnlyForDeploymentPostprocessing = 0;
			shellPath = /bin/sh;
			shellScript = "if which ${PODS_ROOT}/SwiftLint/swiftlint >/dev/null; then\n    ${PODS_ROOT}/SwiftLint/swiftlint\nelse\n    echo \"warning: Please add >pod 'SwiftLint'< in your Podfile\"\nfi";
		};
/* End PBXShellScriptBuildPhase section */

/* Begin PBXSourcesBuildPhase section */
		796006BA2045211500E05B5E /* Sources */ = {
			isa = PBXSourcesBuildPhase;
			buildActionMask = 2147483647;
			files = (
				796006C42045211500E05B5E /* MainViewController.swift in Sources */,
				79BC998920466F4400BD01E0 /* Defaults.swift in Sources */,
				796006C22045211500E05B5E /* AppDelegate.swift in Sources */,
				79BC99762045369200BD01E0 /* Constants.swift in Sources */,
			);
			runOnlyForDeploymentPostprocessing = 0;
		};
		796006CE2045211600E05B5E /* Sources */ = {
			isa = PBXSourcesBuildPhase;
			buildActionMask = 2147483647;
			files = (
				796006D72045211600E05B5E /* SwiftArchitectureTests.swift in Sources */,
			);
			runOnlyForDeploymentPostprocessing = 0;
		};
/* End PBXSourcesBuildPhase section */

/* Begin PBXTargetDependency section */
		796006D42045211600E05B5E /* PBXTargetDependency */ = {
			isa = PBXTargetDependency;
			target = 796006BD2045211500E05B5E /* SwiftArchitecture */;
			targetProxy = 796006D32045211600E05B5E /* PBXContainerItemProxy */;
		};
/* End PBXTargetDependency section */

/* Begin PBXVariantGroup section */
		796006C52045211500E05B5E /* Main.storyboard */ = {
			isa = PBXVariantGroup;
			children = (
				796006C62045211500E05B5E /* Base */,
			);
			name = Main.storyboard;
			sourceTree = "<group>";
		};
		796006CA2045211500E05B5E /* LaunchScreen.storyboard */ = {
			isa = PBXVariantGroup;
			children = (
				796006CB2045211500E05B5E /* Base */,
			);
			name = LaunchScreen.storyboard;
			sourceTree = "<group>";
		};
/* End PBXVariantGroup section */

/* Begin XCBuildConfiguration section */
		79E60FE42045304F0022483B /* Debug(Development) */ = {
			isa = XCBuildConfiguration;
			buildSettings = {
				ALWAYS_SEARCH_USER_PATHS = NO;
				CLANG_ANALYZER_LOCALIZABILITY_NONLOCALIZED = YES;
				CLANG_ANALYZER_NONNULL = YES;
				CLANG_ANALYZER_NUMBER_OBJECT_CONVERSION = YES_AGGRESSIVE;
				CLANG_CXX_LANGUAGE_STANDARD = "gnu++14";
				CLANG_CXX_LIBRARY = "libc++";
				CLANG_ENABLE_MODULES = YES;
				CLANG_ENABLE_OBJC_ARC = YES;
				CLANG_WARN_BLOCK_CAPTURE_AUTORELEASING = YES;
				CLANG_WARN_BOOL_CONVERSION = YES;
				CLANG_WARN_COMMA = YES;
				CLANG_WARN_CONSTANT_CONVERSION = YES;
				CLANG_WARN_DIRECT_OBJC_ISA_USAGE = YES_ERROR;
				CLANG_WARN_DOCUMENTATION_COMMENTS = YES;
				CLANG_WARN_EMPTY_BODY = YES;
				CLANG_WARN_ENUM_CONVERSION = YES;
				CLANG_WARN_INFINITE_RECURSION = YES;
				CLANG_WARN_INT_CONVERSION = YES;
				CLANG_WARN_NON_LITERAL_NULL_CONVERSION = YES;
				CLANG_WARN_OBJC_LITERAL_CONVERSION = YES;
				CLANG_WARN_OBJC_ROOT_CLASS = YES_ERROR;
				CLANG_WARN_RANGE_LOOP_ANALYSIS = YES;
				CLANG_WARN_STRICT_PROTOTYPES = YES;
				CLANG_WARN_SUSPICIOUS_MOVE = YES;
				CLANG_WARN_UNGUARDED_AVAILABILITY = YES_AGGRESSIVE;
				CLANG_WARN_UNREACHABLE_CODE = YES;
				CLANG_WARN__DUPLICATE_METHOD_MATCH = YES;
				CODE_SIGN_IDENTITY = "iPhone Developer";
				COPY_PHASE_STRIP = NO;
				DEBUG_INFORMATION_FORMAT = dwarf;
				ENABLE_STRICT_OBJC_MSGSEND = YES;
				ENABLE_TESTABILITY = YES;
				GCC_C_LANGUAGE_STANDARD = gnu11;
				GCC_DYNAMIC_NO_PIC = NO;
				GCC_NO_COMMON_BLOCKS = YES;
				GCC_OPTIMIZATION_LEVEL = 0;
				GCC_PREPROCESSOR_DEFINITIONS = (
					"DEBUG=1",
					"$(inherited)",
				);
				GCC_WARN_64_TO_32_BIT_CONVERSION = YES;
				GCC_WARN_ABOUT_RETURN_TYPE = YES_ERROR;
				GCC_WARN_UNDECLARED_SELECTOR = YES;
				GCC_WARN_UNINITIALIZED_AUTOS = YES_AGGRESSIVE;
				GCC_WARN_UNUSED_FUNCTION = YES;
				GCC_WARN_UNUSED_VARIABLE = YES;
				INFOPLIST_FILE = "";
				IPHONEOS_DEPLOYMENT_TARGET = 9.0;
				MTL_ENABLE_DEBUG_INFO = YES;
				ONLY_ACTIVE_ARCH = YES;
				OTHER_SWIFT_FLAGS = "-D${CONFIG_FLAG}";
				SDKROOT = iphoneos;
				SWIFT_ACTIVE_COMPILATION_CONDITIONS = DEBUG;
				SWIFT_OBJC_BRIDGING_HEADER = "${OBJECTIVEC_BRIDGING_HEADER}";
				SWIFT_OPTIMIZATION_LEVEL = "-Onone";
			};
			name = "Debug(Development)";
		};
		79E60FE52045304F0022483B /* Debug(Development) */ = {
			isa = XCBuildConfiguration;
			baseConfigurationReference = 79BC997B204556C500BD01E0 /* Development.xcconfig */;
			buildSettings = {
				ASSETCATALOG_COMPILER_APPICON_NAME = AppIcon;
				CLANG_STATIC_ANALYZER_MODE = deep;
				CLANG_STATIC_ANALYZER_MODE_ON_ANALYZE_ACTION = shallow;
				CODE_SIGN_STYLE = Automatic;
				INFOPLIST_FILE = "${INFO_PLIST_FILE}";
				LD_RUNPATH_SEARCH_PATHS = "$(inherited) @executable_path/Frameworks";
				OTHER_SWIFT_FLAGS = "-warnings-as-errors $(inherited)";
				PRODUCT_BUNDLE_IDENTIFIER = yaohaitao;
				PRODUCT_NAME = "$(TARGET_NAME)";
				RUN_CLANG_STATIC_ANALYZER = YES;
				SWIFT_VERSION = 4.0;
				TARGETED_DEVICE_FAMILY = "1,2";
			};
			name = "Debug(Development)";
		};
		79E60FE62045304F0022483B /* Debug(Development) */ = {
			isa = XCBuildConfiguration;
			baseConfigurationReference = 745EE181055512FEB62E329E /* Pods-SwiftArchitectureTests.debug(development).xcconfig */;
			buildSettings = {
				ALWAYS_EMBED_SWIFT_STANDARD_LIBRARIES = YES;
				BUNDLE_LOADER = "$(TEST_HOST)";
				CODE_SIGN_STYLE = Automatic;
				INFOPLIST_FILE = SwiftArchitectureTests/Info.plist;
				LD_RUNPATH_SEARCH_PATHS = "$(inherited) @executable_path/Frameworks @loader_path/Frameworks";
				PRODUCT_BUNDLE_IDENTIFIER = yaohaitao.SwiftArchitectureTests;
				PRODUCT_NAME = "$(TARGET_NAME)";
				SWIFT_VERSION = 4.0;
				TARGETED_DEVICE_FAMILY = "1,2";
				TEST_HOST = "$(BUILT_PRODUCTS_DIR)/SwiftArchitecture.app/SwiftArchitecture";
			};
			name = "Debug(Development)";
		};
		79E60FE82045305F0022483B /* Debug(Continuous Integration) */ = {
			isa = XCBuildConfiguration;
			buildSettings = {
				ALWAYS_SEARCH_USER_PATHS = NO;
				CLANG_ANALYZER_LOCALIZABILITY_NONLOCALIZED = YES;
				CLANG_ANALYZER_NONNULL = YES;
				CLANG_ANALYZER_NUMBER_OBJECT_CONVERSION = YES_AGGRESSIVE;
				CLANG_CXX_LANGUAGE_STANDARD = "gnu++14";
				CLANG_CXX_LIBRARY = "libc++";
				CLANG_ENABLE_MODULES = YES;
				CLANG_ENABLE_OBJC_ARC = YES;
				CLANG_WARN_BLOCK_CAPTURE_AUTORELEASING = YES;
				CLANG_WARN_BOOL_CONVERSION = YES;
				CLANG_WARN_COMMA = YES;
				CLANG_WARN_CONSTANT_CONVERSION = YES;
				CLANG_WARN_DIRECT_OBJC_ISA_USAGE = YES_ERROR;
				CLANG_WARN_DOCUMENTATION_COMMENTS = YES;
				CLANG_WARN_EMPTY_BODY = YES;
				CLANG_WARN_ENUM_CONVERSION = YES;
				CLANG_WARN_INFINITE_RECURSION = YES;
				CLANG_WARN_INT_CONVERSION = YES;
				CLANG_WARN_NON_LITERAL_NULL_CONVERSION = YES;
				CLANG_WARN_OBJC_LITERAL_CONVERSION = YES;
				CLANG_WARN_OBJC_ROOT_CLASS = YES_ERROR;
				CLANG_WARN_RANGE_LOOP_ANALYSIS = YES;
				CLANG_WARN_STRICT_PROTOTYPES = YES;
				CLANG_WARN_SUSPICIOUS_MOVE = YES;
				CLANG_WARN_UNGUARDED_AVAILABILITY = YES_AGGRESSIVE;
				CLANG_WARN_UNREACHABLE_CODE = YES;
				CLANG_WARN__DUPLICATE_METHOD_MATCH = YES;
				CODE_SIGN_IDENTITY = "iPhone Developer";
				COPY_PHASE_STRIP = NO;
				DEBUG_INFORMATION_FORMAT = dwarf;
				ENABLE_STRICT_OBJC_MSGSEND = YES;
				ENABLE_TESTABILITY = YES;
				GCC_C_LANGUAGE_STANDARD = gnu11;
				GCC_DYNAMIC_NO_PIC = NO;
				GCC_NO_COMMON_BLOCKS = YES;
				GCC_OPTIMIZATION_LEVEL = 0;
				GCC_PREPROCESSOR_DEFINITIONS = (
					"DEBUG=1",
					"$(inherited)",
				);
				GCC_WARN_64_TO_32_BIT_CONVERSION = YES;
				GCC_WARN_ABOUT_RETURN_TYPE = YES_ERROR;
				GCC_WARN_UNDECLARED_SELECTOR = YES;
				GCC_WARN_UNINITIALIZED_AUTOS = YES_AGGRESSIVE;
				GCC_WARN_UNUSED_FUNCTION = YES;
				GCC_WARN_UNUSED_VARIABLE = YES;
				INFOPLIST_FILE = "";
				IPHONEOS_DEPLOYMENT_TARGET = 9.0;
				MTL_ENABLE_DEBUG_INFO = YES;
				ONLY_ACTIVE_ARCH = YES;
				OTHER_SWIFT_FLAGS = "-D${CONFIG_FLAG}";
				SDKROOT = iphoneos;
				SWIFT_ACTIVE_COMPILATION_CONDITIONS = DEBUG;
				SWIFT_OBJC_BRIDGING_HEADER = "${OBJECTIVEC_BRIDGING_HEADER}";
				SWIFT_OPTIMIZATION_LEVEL = "-Onone";
			};
			name = "Debug(Continuous Integration)";
		};
		79E60FE92045305F0022483B /* Debug(Continuous Integration) */ = {
			isa = XCBuildConfiguration;
			baseConfigurationReference = 79BC997C204557B600BD01E0 /* ContinuousIntegration.xcconfig */;
			buildSettings = {
				ASSETCATALOG_COMPILER_APPICON_NAME = AppIcon;
				CLANG_STATIC_ANALYZER_MODE = deep;
				CLANG_STATIC_ANALYZER_MODE_ON_ANALYZE_ACTION = shallow;
				CODE_SIGN_STYLE = Automatic;
				INFOPLIST_FILE = "${INFO_PLIST_FILE}";
				LD_RUNPATH_SEARCH_PATHS = "$(inherited) @executable_path/Frameworks";
				OTHER_SWIFT_FLAGS = "-warnings-as-errors $(inherited)";
				PRODUCT_BUNDLE_IDENTIFIER = yaohaitao;
				PRODUCT_NAME = "$(TARGET_NAME)";
				RUN_CLANG_STATIC_ANALYZER = YES;
				SWIFT_VERSION = 4.0;
				TARGETED_DEVICE_FAMILY = "1,2";
			};
			name = "Debug(Continuous Integration)";
		};
		79E60FEA2045305F0022483B /* Debug(Continuous Integration) */ = {
			isa = XCBuildConfiguration;
			baseConfigurationReference = 9D5E74A88EEA2CDACB3C261C /* Pods-SwiftArchitectureTests.debug(continuous integration).xcconfig */;
			buildSettings = {
				ALWAYS_EMBED_SWIFT_STANDARD_LIBRARIES = YES;
				BUNDLE_LOADER = "$(TEST_HOST)";
				CODE_SIGN_STYLE = Automatic;
				INFOPLIST_FILE = SwiftArchitectureTests/Info.plist;
				LD_RUNPATH_SEARCH_PATHS = "$(inherited) @executable_path/Frameworks @loader_path/Frameworks";
				PRODUCT_BUNDLE_IDENTIFIER = yaohaitao.SwiftArchitectureTests;
				PRODUCT_NAME = "$(TARGET_NAME)";
				SWIFT_VERSION = 4.0;
				TARGETED_DEVICE_FAMILY = "1,2";
				TEST_HOST = "$(BUILT_PRODUCTS_DIR)/SwiftArchitecture.app/SwiftArchitecture";
			};
			name = "Debug(Continuous Integration)";
		};
		79E60FEC2045306A0022483B /* Debug(Testing) */ = {
			isa = XCBuildConfiguration;
			buildSettings = {
				ALWAYS_SEARCH_USER_PATHS = NO;
				CLANG_ANALYZER_LOCALIZABILITY_NONLOCALIZED = YES;
				CLANG_ANALYZER_NONNULL = YES;
				CLANG_ANALYZER_NUMBER_OBJECT_CONVERSION = YES_AGGRESSIVE;
				CLANG_CXX_LANGUAGE_STANDARD = "gnu++14";
				CLANG_CXX_LIBRARY = "libc++";
				CLANG_ENABLE_MODULES = YES;
				CLANG_ENABLE_OBJC_ARC = YES;
				CLANG_WARN_BLOCK_CAPTURE_AUTORELEASING = YES;
				CLANG_WARN_BOOL_CONVERSION = YES;
				CLANG_WARN_COMMA = YES;
				CLANG_WARN_CONSTANT_CONVERSION = YES;
				CLANG_WARN_DIRECT_OBJC_ISA_USAGE = YES_ERROR;
				CLANG_WARN_DOCUMENTATION_COMMENTS = YES;
				CLANG_WARN_EMPTY_BODY = YES;
				CLANG_WARN_ENUM_CONVERSION = YES;
				CLANG_WARN_INFINITE_RECURSION = YES;
				CLANG_WARN_INT_CONVERSION = YES;
				CLANG_WARN_NON_LITERAL_NULL_CONVERSION = YES;
				CLANG_WARN_OBJC_LITERAL_CONVERSION = YES;
				CLANG_WARN_OBJC_ROOT_CLASS = YES_ERROR;
				CLANG_WARN_RANGE_LOOP_ANALYSIS = YES;
				CLANG_WARN_STRICT_PROTOTYPES = YES;
				CLANG_WARN_SUSPICIOUS_MOVE = YES;
				CLANG_WARN_UNGUARDED_AVAILABILITY = YES_AGGRESSIVE;
				CLANG_WARN_UNREACHABLE_CODE = YES;
				CLANG_WARN__DUPLICATE_METHOD_MATCH = YES;
				CODE_SIGN_IDENTITY = "iPhone Developer";
				COPY_PHASE_STRIP = NO;
				DEBUG_INFORMATION_FORMAT = dwarf;
				ENABLE_STRICT_OBJC_MSGSEND = YES;
				ENABLE_TESTABILITY = YES;
				GCC_C_LANGUAGE_STANDARD = gnu11;
				GCC_DYNAMIC_NO_PIC = NO;
				GCC_NO_COMMON_BLOCKS = YES;
				GCC_OPTIMIZATION_LEVEL = 0;
				GCC_PREPROCESSOR_DEFINITIONS = (
					"DEBUG=1",
					"$(inherited)",
				);
				GCC_WARN_64_TO_32_BIT_CONVERSION = YES;
				GCC_WARN_ABOUT_RETURN_TYPE = YES_ERROR;
				GCC_WARN_UNDECLARED_SELECTOR = YES;
				GCC_WARN_UNINITIALIZED_AUTOS = YES_AGGRESSIVE;
				GCC_WARN_UNUSED_FUNCTION = YES;
				GCC_WARN_UNUSED_VARIABLE = YES;
				INFOPLIST_FILE = "";
				IPHONEOS_DEPLOYMENT_TARGET = 9.0;
				MTL_ENABLE_DEBUG_INFO = YES;
				ONLY_ACTIVE_ARCH = YES;
				OTHER_SWIFT_FLAGS = "-D${CONFIG_FLAG}";
				SDKROOT = iphoneos;
				SWIFT_ACTIVE_COMPILATION_CONDITIONS = DEBUG;
				SWIFT_OBJC_BRIDGING_HEADER = "${OBJECTIVEC_BRIDGING_HEADER}";
				SWIFT_OPTIMIZATION_LEVEL = "-Onone";
			};
			name = "Debug(Testing)";
		};
		79E60FED2045306A0022483B /* Debug(Testing) */ = {
			isa = XCBuildConfiguration;
			baseConfigurationReference = 79BC997D204557EB00BD01E0 /* Testing.xcconfig */;
			buildSettings = {
				ASSETCATALOG_COMPILER_APPICON_NAME = AppIcon;
				CLANG_STATIC_ANALYZER_MODE = deep;
				CLANG_STATIC_ANALYZER_MODE_ON_ANALYZE_ACTION = shallow;
				CODE_SIGN_STYLE = Automatic;
				INFOPLIST_FILE = "${INFO_PLIST_FILE}";
				LD_RUNPATH_SEARCH_PATHS = "$(inherited) @executable_path/Frameworks";
				OTHER_SWIFT_FLAGS = "-warnings-as-errors $(inherited)";
				PRODUCT_BUNDLE_IDENTIFIER = yaohaitao;
				PRODUCT_NAME = "$(TARGET_NAME)";
				RUN_CLANG_STATIC_ANALYZER = YES;
				SWIFT_VERSION = 4.0;
				TARGETED_DEVICE_FAMILY = "1,2";
			};
			name = "Debug(Testing)";
		};
		79E60FEE2045306A0022483B /* Debug(Testing) */ = {
			isa = XCBuildConfiguration;
			baseConfigurationReference = 73726AFAD96C41A7BEF7E8AC /* Pods-SwiftArchitectureTests.debug(testing).xcconfig */;
			buildSettings = {
				ALWAYS_EMBED_SWIFT_STANDARD_LIBRARIES = YES;
				BUNDLE_LOADER = "$(TEST_HOST)";
				CODE_SIGN_STYLE = Automatic;
				INFOPLIST_FILE = SwiftArchitectureTests/Info.plist;
				LD_RUNPATH_SEARCH_PATHS = "$(inherited) @executable_path/Frameworks @loader_path/Frameworks";
				PRODUCT_BUNDLE_IDENTIFIER = yaohaitao.SwiftArchitectureTests;
				PRODUCT_NAME = "$(TARGET_NAME)";
				SWIFT_VERSION = 4.0;
				TARGETED_DEVICE_FAMILY = "1,2";
				TEST_HOST = "$(BUILT_PRODUCTS_DIR)/SwiftArchitecture.app/SwiftArchitecture";
			};
			name = "Debug(Testing)";
		};
		79E60FF42045308E0022483B /* Release(Staging) */ = {
			isa = XCBuildConfiguration;
			buildSettings = {
				ALWAYS_SEARCH_USER_PATHS = NO;
				CLANG_ANALYZER_LOCALIZABILITY_NONLOCALIZED = YES;
				CLANG_ANALYZER_NONNULL = YES;
				CLANG_ANALYZER_NUMBER_OBJECT_CONVERSION = YES_AGGRESSIVE;
				CLANG_CXX_LANGUAGE_STANDARD = "gnu++14";
				CLANG_CXX_LIBRARY = "libc++";
				CLANG_ENABLE_MODULES = YES;
				CLANG_ENABLE_OBJC_ARC = YES;
				CLANG_WARN_BLOCK_CAPTURE_AUTORELEASING = YES;
				CLANG_WARN_BOOL_CONVERSION = YES;
				CLANG_WARN_COMMA = YES;
				CLANG_WARN_CONSTANT_CONVERSION = YES;
				CLANG_WARN_DIRECT_OBJC_ISA_USAGE = YES_ERROR;
				CLANG_WARN_DOCUMENTATION_COMMENTS = YES;
				CLANG_WARN_EMPTY_BODY = YES;
				CLANG_WARN_ENUM_CONVERSION = YES;
				CLANG_WARN_INFINITE_RECURSION = YES;
				CLANG_WARN_INT_CONVERSION = YES;
				CLANG_WARN_NON_LITERAL_NULL_CONVERSION = YES;
				CLANG_WARN_OBJC_LITERAL_CONVERSION = YES;
				CLANG_WARN_OBJC_ROOT_CLASS = YES_ERROR;
				CLANG_WARN_RANGE_LOOP_ANALYSIS = YES;
				CLANG_WARN_STRICT_PROTOTYPES = YES;
				CLANG_WARN_SUSPICIOUS_MOVE = YES;
				CLANG_WARN_UNGUARDED_AVAILABILITY = YES_AGGRESSIVE;
				CLANG_WARN_UNREACHABLE_CODE = YES;
				CLANG_WARN__DUPLICATE_METHOD_MATCH = YES;
				CODE_SIGN_IDENTITY = "iPhone Developer";
				COPY_PHASE_STRIP = NO;
				DEBUG_INFORMATION_FORMAT = "dwarf-with-dsym";
				ENABLE_NS_ASSERTIONS = NO;
				ENABLE_STRICT_OBJC_MSGSEND = YES;
				GCC_C_LANGUAGE_STANDARD = gnu11;
				GCC_NO_COMMON_BLOCKS = YES;
				GCC_WARN_64_TO_32_BIT_CONVERSION = YES;
				GCC_WARN_ABOUT_RETURN_TYPE = YES_ERROR;
				GCC_WARN_UNDECLARED_SELECTOR = YES;
				GCC_WARN_UNINITIALIZED_AUTOS = YES_AGGRESSIVE;
				GCC_WARN_UNUSED_FUNCTION = YES;
				GCC_WARN_UNUSED_VARIABLE = YES;
				INFOPLIST_FILE = "";
				IPHONEOS_DEPLOYMENT_TARGET = 9.0;
				MTL_ENABLE_DEBUG_INFO = NO;
				OTHER_SWIFT_FLAGS = "-D${CONFIG_FLAG}";
				SDKROOT = iphoneos;
				SWIFT_OBJC_BRIDGING_HEADER = "${OBJECTIVEC_BRIDGING_HEADER}";
				SWIFT_OPTIMIZATION_LEVEL = "-Owholemodule";
				VALIDATE_PRODUCT = YES;
			};
			name = "Release(Staging)";
		};
		79E60FF52045308E0022483B /* Release(Staging) */ = {
			isa = XCBuildConfiguration;
			baseConfigurationReference = 79BC997E2045580700BD01E0 /* Staging.xcconfig */;
			buildSettings = {
				ASSETCATALOG_COMPILER_APPICON_NAME = AppIcon;
				CLANG_STATIC_ANALYZER_MODE = deep;
				CLANG_STATIC_ANALYZER_MODE_ON_ANALYZE_ACTION = shallow;
				CODE_SIGN_STYLE = Automatic;
				INFOPLIST_FILE = "${INFO_PLIST_FILE}";
				LD_RUNPATH_SEARCH_PATHS = "$(inherited) @executable_path/Frameworks";
				PRODUCT_BUNDLE_IDENTIFIER = yaohaitao;
				PRODUCT_NAME = "$(TARGET_NAME)";
				RUN_CLANG_STATIC_ANALYZER = YES;
				SWIFT_VERSION = 4.0;
				TARGETED_DEVICE_FAMILY = "1,2";
			};
			name = "Release(Staging)";
		};
		79E60FF62045308E0022483B /* Release(Staging) */ = {
			isa = XCBuildConfiguration;
			baseConfigurationReference = 8BED0FC00C92199149080CFC /* Pods-SwiftArchitectureTests.release(staging).xcconfig */;
			buildSettings = {
				ALWAYS_EMBED_SWIFT_STANDARD_LIBRARIES = YES;
				BUNDLE_LOADER = "$(TEST_HOST)";
				CODE_SIGN_STYLE = Automatic;
				INFOPLIST_FILE = SwiftArchitectureTests/Info.plist;
				LD_RUNPATH_SEARCH_PATHS = "$(inherited) @executable_path/Frameworks @loader_path/Frameworks";
				PRODUCT_BUNDLE_IDENTIFIER = yaohaitao.SwiftArchitectureTests;
				PRODUCT_NAME = "$(TARGET_NAME)";
				SWIFT_VERSION = 4.0;
				TARGETED_DEVICE_FAMILY = "1,2";
				TEST_HOST = "$(BUILT_PRODUCTS_DIR)/SwiftArchitecture.app/SwiftArchitecture";
			};
			name = "Release(Staging)";
		};
		79E60FF82045309A0022483B /* Release(Production) */ = {
			isa = XCBuildConfiguration;
			buildSettings = {
				ALWAYS_SEARCH_USER_PATHS = NO;
				CLANG_ANALYZER_LOCALIZABILITY_NONLOCALIZED = YES;
				CLANG_ANALYZER_NONNULL = YES;
				CLANG_ANALYZER_NUMBER_OBJECT_CONVERSION = YES_AGGRESSIVE;
				CLANG_CXX_LANGUAGE_STANDARD = "gnu++14";
				CLANG_CXX_LIBRARY = "libc++";
				CLANG_ENABLE_MODULES = YES;
				CLANG_ENABLE_OBJC_ARC = YES;
				CLANG_WARN_BLOCK_CAPTURE_AUTORELEASING = YES;
				CLANG_WARN_BOOL_CONVERSION = YES;
				CLANG_WARN_COMMA = YES;
				CLANG_WARN_CONSTANT_CONVERSION = YES;
				CLANG_WARN_DIRECT_OBJC_ISA_USAGE = YES_ERROR;
				CLANG_WARN_DOCUMENTATION_COMMENTS = YES;
				CLANG_WARN_EMPTY_BODY = YES;
				CLANG_WARN_ENUM_CONVERSION = YES;
				CLANG_WARN_INFINITE_RECURSION = YES;
				CLANG_WARN_INT_CONVERSION = YES;
				CLANG_WARN_NON_LITERAL_NULL_CONVERSION = YES;
				CLANG_WARN_OBJC_LITERAL_CONVERSION = YES;
				CLANG_WARN_OBJC_ROOT_CLASS = YES_ERROR;
				CLANG_WARN_RANGE_LOOP_ANALYSIS = YES;
				CLANG_WARN_STRICT_PROTOTYPES = YES;
				CLANG_WARN_SUSPICIOUS_MOVE = YES;
				CLANG_WARN_UNGUARDED_AVAILABILITY = YES_AGGRESSIVE;
				CLANG_WARN_UNREACHABLE_CODE = YES;
				CLANG_WARN__DUPLICATE_METHOD_MATCH = YES;
				CODE_SIGN_IDENTITY = "iPhone Developer";
				COPY_PHASE_STRIP = NO;
				DEBUG_INFORMATION_FORMAT = "dwarf-with-dsym";
				ENABLE_NS_ASSERTIONS = NO;
				ENABLE_STRICT_OBJC_MSGSEND = YES;
				GCC_C_LANGUAGE_STANDARD = gnu11;
				GCC_NO_COMMON_BLOCKS = YES;
				GCC_WARN_64_TO_32_BIT_CONVERSION = YES;
				GCC_WARN_ABOUT_RETURN_TYPE = YES_ERROR;
				GCC_WARN_UNDECLARED_SELECTOR = YES;
				GCC_WARN_UNINITIALIZED_AUTOS = YES_AGGRESSIVE;
				GCC_WARN_UNUSED_FUNCTION = YES;
				GCC_WARN_UNUSED_VARIABLE = YES;
				INFOPLIST_FILE = "";
				IPHONEOS_DEPLOYMENT_TARGET = 9.0;
				MTL_ENABLE_DEBUG_INFO = NO;
				OTHER_SWIFT_FLAGS = "-D${CONFIG_FLAG}";
				SDKROOT = iphoneos;
				SWIFT_OBJC_BRIDGING_HEADER = "${OBJECTIVEC_BRIDGING_HEADER}";
				SWIFT_OPTIMIZATION_LEVEL = "-Owholemodule";
				VALIDATE_PRODUCT = YES;
			};
			name = "Release(Production)";
		};
		79E60FF92045309A0022483B /* Release(Production) */ = {
			isa = XCBuildConfiguration;
			baseConfigurationReference = 79BC997F2045583400BD01E0 /* Production.xcconfig */;
			buildSettings = {
				ASSETCATALOG_COMPILER_APPICON_NAME = AppIcon;
				CLANG_STATIC_ANALYZER_MODE = deep;
				CLANG_STATIC_ANALYZER_MODE_ON_ANALYZE_ACTION = shallow;
				CODE_SIGN_STYLE = Automatic;
				INFOPLIST_FILE = "${INFO_PLIST_FILE}";
				LD_RUNPATH_SEARCH_PATHS = "$(inherited) @executable_path/Frameworks";
				PRODUCT_BUNDLE_IDENTIFIER = yaohaitao;
				PRODUCT_NAME = "$(TARGET_NAME)";
				RUN_CLANG_STATIC_ANALYZER = YES;
				SWIFT_VERSION = 4.0;
				TARGETED_DEVICE_FAMILY = "1,2";
			};
			name = "Release(Production)";
		};
		79E60FFA2045309A0022483B /* Release(Production) */ = {
			isa = XCBuildConfiguration;
			baseConfigurationReference = 6CE986568361AB75FF1F5E6E /* Pods-SwiftArchitectureTests.release(production).xcconfig */;
			buildSettings = {
				ALWAYS_EMBED_SWIFT_STANDARD_LIBRARIES = YES;
				BUNDLE_LOADER = "$(TEST_HOST)";
				CODE_SIGN_STYLE = Automatic;
				INFOPLIST_FILE = SwiftArchitectureTests/Info.plist;
				LD_RUNPATH_SEARCH_PATHS = "$(inherited) @executable_path/Frameworks @loader_path/Frameworks";
				PRODUCT_BUNDLE_IDENTIFIER = yaohaitao.SwiftArchitectureTests;
				PRODUCT_NAME = "$(TARGET_NAME)";
				SWIFT_VERSION = 4.0;
				TARGETED_DEVICE_FAMILY = "1,2";
				TEST_HOST = "$(BUILT_PRODUCTS_DIR)/SwiftArchitecture.app/SwiftArchitecture";
			};
			name = "Release(Production)";
		};
/* End XCBuildConfiguration section */

/* Begin XCConfigurationList section */
		796006B92045211500E05B5E /* Build configuration list for PBXProject "SwiftArchitecture" */ = {
			isa = XCConfigurationList;
			buildConfigurations = (
				79E60FE42045304F0022483B /* Debug(Development) */,
				79E60FE82045305F0022483B /* Debug(Continuous Integration) */,
				79E60FEC2045306A0022483B /* Debug(Testing) */,
				79E60FF42045308E0022483B /* Release(Staging) */,
				79E60FF82045309A0022483B /* Release(Production) */,
			);
			defaultConfigurationIsVisible = 0;
			defaultConfigurationName = "Debug(Development)";
		};
		796006E62045211600E05B5E /* Build configuration list for PBXNativeTarget "SwiftArchitecture" */ = {
			isa = XCConfigurationList;
			buildConfigurations = (
				79E60FE52045304F0022483B /* Debug(Development) */,
				79E60FE92045305F0022483B /* Debug(Continuous Integration) */,
				79E60FED2045306A0022483B /* Debug(Testing) */,
				79E60FF52045308E0022483B /* Release(Staging) */,
				79E60FF92045309A0022483B /* Release(Production) */,
			);
			defaultConfigurationIsVisible = 0;
			defaultConfigurationName = "Debug(Development)";
		};
		796006E92045211600E05B5E /* Build configuration list for PBXNativeTarget "SwiftArchitectureTests" */ = {
			isa = XCConfigurationList;
			buildConfigurations = (
				79E60FE62045304F0022483B /* Debug(Development) */,
				79E60FEA2045305F0022483B /* Debug(Continuous Integration) */,
				79E60FEE2045306A0022483B /* Debug(Testing) */,
				79E60FF62045308E0022483B /* Release(Staging) */,
				79E60FFA2045309A0022483B /* Release(Production) */,
			);
			defaultConfigurationIsVisible = 0;
			defaultConfigurationName = "Debug(Development)";
		};
/* End XCConfigurationList section */
	};
	rootObject = 796006B62045211500E05B5E /* Project object */;
}
