PODS:
  - Alamofire (4.6.0)
  - Alamofire-SwiftyJSON (3.0.0):
    - Alamofire (~> 4.5)
    - SwiftyJSON (~> 4.0.0)
  - PromiseKit (6.2.0):
    - PromiseKit/CorePromise (= 6.2.0)
    - PromiseKit/Foundation (= 6.2.0)
    - PromiseKit/UIKit (= 6.2.0)
  - PromiseKit/CorePromise (6.2.0)
  - PromiseKit/Foundation (6.2.0):
    - PromiseKit/CorePromise
  - PromiseKit/UIKit (6.2.0):
    - PromiseKit/CorePromise
  - SwiftLint (0.25.0)
  - SwiftyJSON (4.0.0)

DEPENDENCIES:
  - Alamofire (~> 4.6)
  - Alamofire-SwiftyJSON (~> 3.0)
  - PromiseKit (~> 6.0)
  - SwiftLint
  - SwiftyJSON (~> 4.0)

SPEC CHECKSUMS:
  Alamofire: f41a599bd63041760b26d393ec1069d9d7b917f4
  Alamofire-SwiftyJSON: 2b3649d57dc7bb2880fb8b86f8bb969397666916
  PromiseKit: ea9a155e1fd98a926ccfaf633c0fbd69851f0e7b
  SwiftLint: e14651157288e9e01d6e1a71db7014fb5744a8ea
  SwiftyJSON: 070dabdcb1beb81b247c65ffa3a79dbbfb3b48aa

PODFILE CHECKSUM: 950e87970d192c5cb9a8a983a6003c200ca0a2c3

COCOAPODS: 1.4.0
